
Microsoft Visual Studio Solution File, Format Version 12.00
# Visual Studio 15
VisualStudioVersion = 15.0.26730.15
MinimumVisualStudioVersion = 10.0.40219.1
Project("{FAE04EC0-301F-11D3-BF4B-00C04F79EFBC}") = "XFNetStandardSample.Android", "XFNetStandardSample\XFNetStandardSample.Android\XFNetStandardSample.Android.csproj", "{484B7D3A-8ED5-45CC-8C73-B97A2D80B138}"
EndProject
Project("{FAE04EC0-301F-11D3-BF4B-00C04F79EFBC}") = "XFNetStandardSample.UWP", "XFNetStandardSample\XFNetStandardSample.UWP\XFNetStandardSample.UWP.csproj", "{A5F9F0A8-92D5-439F-A2A2-8E4751F73F2B}"
EndProject
Project("{FAE04EC0-301F-11D3-BF4B-00C04F79EFBC}") = "XFNetStandardSample.iOS", "XFNetStandardSample\XFNetStandardSample.iOS\XFNetStandardSample.iOS.csproj", "{4A568B6A-2D0B-448C-B33C-E9913FD3A95C}"
EndProject
Project("{FAE04EC0-301F-11D3-BF4B-00C04F79EFBC}") = "XFNetStandardSample", "XFNetStandardSample.Core\XFNetStandardSample.csproj", "{AB2A3725-12E7-426F-8F88-0A9440F9F8FB}"
EndProject
Global
	GlobalSection(SolutionConfigurationPlatforms) = preSolution
		Ad-Hoc|Any CPU = Ad-Hoc|Any CPU
		Ad-Hoc|ARM = Ad-Hoc|ARM
		Ad-Hoc|iPhone = Ad-Hoc|iPhone
		Ad-Hoc|iPhoneSimulator = Ad-Hoc|iPhoneSimulator
		Ad-Hoc|x64 = Ad-Hoc|x64
		Ad-Hoc|x86 = Ad-Hoc|x86
		AppStore|Any CPU = AppStore|Any CPU
		AppStore|ARM = AppStore|ARM
		AppStore|iPhone = AppStore|iPhone
		AppStore|iPhoneSimulator = AppStore|iPhoneSimulator
		AppStore|x64 = AppStore|x64
		AppStore|x86 = AppStore|x86
		Debug|Any CPU = Debug|Any CPU
		Debug|ARM = Debug|ARM
		Debug|iPhone = Debug|iPhone
		Debug|iPhoneSimulator = Debug|iPhoneSimulator
		Debug|x64 = Debug|x64
		Debug|x86 = Debug|x86
		Release|Any CPU = Release|Any CPU
		Release|ARM = Release|ARM
		Release|iPhone = Release|iPhone
		Release|iPhoneSimulator = Release|iPhoneSimulator
		Release|x64 = Release|x64
		Release|x86 = Release|x86
	EndGlobalSection
	GlobalSection(ProjectConfigurationPlatforms) = postSolution
		{484B7D3A-8ED5-45CC-8C73-B97A2D80B138}.Ad-Hoc|Any CPU.ActiveCfg = Release|Any CPU
		{484B7D3A-8ED5-45CC-8C73-B97A2D80B138}.Ad-Hoc|Any CPU.Build.0 = Release|Any CPU
		{484B7D3A-8ED5-45CC-8C73-B97A2D80B138}.Ad-Hoc|Any CPU.Deploy.0 = Release|Any CPU
		{484B7D3A-8ED5-45CC-8C73-B97A2D80B138}.Ad-Hoc|ARM.ActiveCfg = Release|Any CPU
		{484B7D3A-8ED5-45CC-8C73-B97A2D80B138}.Ad-Hoc|ARM.Build.0 = Release|Any CPU
		{484B7D3A-8ED5-45CC-8C73-B97A2D80B138}.Ad-Hoc|ARM.Deploy.0 = Release|Any CPU
		{484B7D3A-8ED5-45CC-8C73-B97A2D80B138}.Ad-Hoc|iPhone.ActiveCfg = Release|Any CPU
		{484B7D3A-8ED5-45CC-8C73-B97A2D80B138}.Ad-Hoc|iPhone.Build.0 = Release|Any CPU
		{484B7D3A-8ED5-45CC-8C73-B97A2D80B138}.Ad-Hoc|iPhone.Deploy.0 = Release|Any CPU
		{484B7D3A-8ED5-45CC-8C73-B97A2D80B138}.Ad-Hoc|iPhoneSimulator.ActiveCfg = Release|Any CPU
		{484B7D3A-8ED5-45CC-8C73-B97A2D80B138}.Ad-Hoc|iPhoneSimulator.Build.0 = Release|Any CPU
		{484B7D3A-8ED5-45CC-8C73-B97A2D80B138}.Ad-Hoc|iPhoneSimulator.Deploy.0 = Release|Any CPU
		{484B7D3A-8ED5-45CC-8C73-B97A2D80B138}.Ad-Hoc|x64.ActiveCfg = Release|Any CPU
		{484B7D3A-8ED5-45CC-8C73-B97A2D80B138}.Ad-Hoc|x64.Build.0 = Release|Any CPU
		{484B7D3A-8ED5-45CC-8C73-B97A2D80B138}.Ad-Hoc|x64.Deploy.0 = Release|Any CPU
		{484B7D3A-8ED5-45CC-8C73-B97A2D80B138}.Ad-Hoc|x86.ActiveCfg = Release|Any CPU
		{484B7D3A-8ED5-45CC-8C73-B97A2D80B138}.Ad-Hoc|x86.Build.0 = Release|Any CPU
		{484B7D3A-8ED5-45CC-8C73-B97A2D80B138}.Ad-Hoc|x86.Deploy.0 = Release|Any CPU
		{484B7D3A-8ED5-45CC-8C73-B97A2D80B138}.AppStore|Any CPU.ActiveCfg = Release|Any CPU
		{484B7D3A-8ED5-45CC-8C73-B97A2D80B138}.AppStore|Any CPU.Build.0 = Release|Any CPU
		{484B7D3A-8ED5-45CC-8C73-B97A2D80B138}.AppStore|Any CPU.Deploy.0 = Release|Any CPU
		{484B7D3A-8ED5-45CC-8C73-B97A2D80B138}.AppStore|ARM.ActiveCfg = Release|Any CPU
		{484B7D3A-8ED5-45CC-8C73-B97A2D80B138}.AppStore|ARM.Build.0 = Release|Any CPU
		{484B7D3A-8ED5-45CC-8C73-B97A2D80B138}.AppStore|ARM.Deploy.0 = Release|Any CPU
		{484B7D3A-8ED5-45CC-8C73-B97A2D80B138}.AppStore|iPhone.ActiveCfg = Release|Any CPU
		{484B7D3A-8ED5-45CC-8C73-B97A2D80B138}.AppStore|iPhone.Build.0 = Release|Any CPU
		{484B7D3A-8ED5-45CC-8C73-B97A2D80B138}.AppStore|iPhone.Deploy.0 = Release|Any CPU
		{484B7D3A-8ED5-45CC-8C73-B97A2D80B138}.AppStore|iPhoneSimulator.ActiveCfg = Release|Any CPU
		{484B7D3A-8ED5-45CC-8C73-B97A2D80B138}.AppStore|iPhoneSimulator.Build.0 = Release|Any CPU
		{484B7D3A-8ED5-45CC-8C73-B97A2D80B138}.AppStore|iPhoneSimulator.Deploy.0 = Release|Any CPU
		{484B7D3A-8ED5-45CC-8C73-B97A2D80B138}.AppStore|x64.ActiveCfg = Release|Any CPU
		{484B7D3A-8ED5-45CC-8C73-B97A2D80B138}.AppStore|x64.Build.0 = Release|Any CPU
		{484B7D3A-8ED5-45CC-8C73-B97A2D80B138}.AppStore|x64.Deploy.0 = Release|Any CPU
		{484B7D3A-8ED5-45CC-8C73-B97A2D80B138}.AppStore|x86.ActiveCfg = Release|Any CPU
		{484B7D3A-8ED5-45CC-8C73-B97A2D80B138}.AppStore|x86.Build.0 = Release|Any CPU
		{484B7D3A-8ED5-45CC-8C73-B97A2D80B138}.AppStore|x86.Deploy.0 = Release|Any CPU
		{484B7D3A-8ED5-45CC-8C73-B97A2D80B138}.Debug|Any CPU.ActiveCfg = Debug|Any CPU
		{484B7D3A-8ED5-45CC-8C73-B97A2D80B138}.Debug|Any CPU.Build.0 = Debug|Any CPU
		{484B7D3A-8ED5-45CC-8C73-B97A2D80B138}.Debug|Any CPU.Deploy.0 = Debug|Any CPU
		{484B7D3A-8ED5-45CC-8C73-B97A2D80B138}.Debug|ARM.ActiveCfg = Debug|Any CPU
		{484B7D3A-8ED5-45CC-8C73-B97A2D80B138}.Debug|ARM.Build.0 = Debug|Any CPU
		{484B7D3A-8ED5-45CC-8C73-B97A2D80B138}.Debug|ARM.Deploy.0 = Debug|Any CPU
		{484B7D3A-8ED5-45CC-8C73-B97A2D80B138}.Debug|iPhone.ActiveCfg = Debug|Any CPU
		{484B7D3A-8ED5-45CC-8C73-B97A2D80B138}.Debug|iPhone.Build.0 = Debug|Any CPU
		{484B7D3A-8ED5-45CC-8C73-B97A2D80B138}.Debug|iPhone.Deploy.0 = Debug|Any CPU
		{484B7D3A-8ED5-45CC-8C73-B97A2D80B138}.Debug|iPhoneSimulator.ActiveCfg = Debug|Any CPU
		{484B7D3A-8ED5-45CC-8C73-B97A2D80B138}.Debug|iPhoneSimulator.Build.0 = Debug|Any CPU
		{484B7D3A-8ED5-45CC-8C73-B97A2D80B138}.Debug|iPhoneSimulator.Deploy.0 = Debug|Any CPU
		{484B7D3A-8ED5-45CC-8C73-B97A2D80B138}.Debug|x64.ActiveCfg = Debug|Any CPU
		{484B7D3A-8ED5-45CC-8C73-B97A2D80B138}.Debug|x64.Build.0 = Debug|Any CPU
		{484B7D3A-8ED5-45CC-8C73-B97A2D80B138}.Debug|x64.Deploy.0 = Debug|Any CPU
		{484B7D3A-8ED5-45CC-8C73-B97A2D80B138}.Debug|x86.ActiveCfg = Debug|Any CPU
		{484B7D3A-8ED5-45CC-8C73-B97A2D80B138}.Debug|x86.Build.0 = Debug|Any CPU
		{484B7D3A-8ED5-45CC-8C73-B97A2D80B138}.Debug|x86.Deploy.0 = Debug|Any CPU
		{484B7D3A-8ED5-45CC-8C73-B97A2D80B138}.Release|Any CPU.ActiveCfg = Release|Any CPU
		{484B7D3A-8ED5-45CC-8C73-B97A2D80B138}.Release|Any CPU.Build.0 = Release|Any CPU
		{484B7D3A-8ED5-45CC-8C73-B97A2D80B138}.Release|Any CPU.Deploy.0 = Release|Any CPU
		{484B7D3A-8ED5-45CC-8C73-B97A2D80B138}.Release|ARM.ActiveCfg = Release|Any CPU
		{484B7D3A-8ED5-45CC-8C73-B97A2D80B138}.Release|ARM.Build.0 = Release|Any CPU
		{484B7D3A-8ED5-45CC-8C73-B97A2D80B138}.Release|ARM.Deploy.0 = Release|Any CPU
		{484B7D3A-8ED5-45CC-8C73-B97A2D80B138}.Release|iPhone.ActiveCfg = Release|Any CPU
		{484B7D3A-8ED5-45CC-8C73-B97A2D80B138}.Release|iPhone.Build.0 = Release|Any CPU
		{484B7D3A-8ED5-45CC-8C73-B97A2D80B138}.Release|iPhone.Deploy.0 = Release|Any CPU
		{484B7D3A-8ED5-45CC-8C73-B97A2D80B138}.Release|iPhoneSimulator.ActiveCfg = Release|Any CPU
		{484B7D3A-8ED5-45CC-8C73-B97A2D80B138}.Release|iPhoneSimulator.Build.0 = Release|Any CPU
		{484B7D3A-8ED5-45CC-8C73-B97A2D80B138}.Release|iPhoneSimulator.Deploy.0 = Release|Any CPU
		{484B7D3A-8ED5-45CC-8C73-B97A2D80B138}.Release|x64.ActiveCfg = Release|Any CPU
		{484B7D3A-8ED5-45CC-8C73-B97A2D80B138}.Release|x64.Build.0 = Release|Any CPU
		{484B7D3A-8ED5-45CC-8C73-B97A2D80B138}.Release|x64.Deploy.0 = Release|Any CPU
		{484B7D3A-8ED5-45CC-8C73-B97A2D80B138}.Release|x86.ActiveCfg = Release|Any CPU
		{484B7D3A-8ED5-45CC-8C73-B97A2D80B138}.Release|x86.Build.0 = Release|Any CPU
		{484B7D3A-8ED5-45CC-8C73-B97A2D80B138}.Release|x86.Deploy.0 = Release|Any CPU
		{A5F9F0A8-92D5-439F-A2A2-8E4751F73F2B}.Ad-Hoc|Any CPU.ActiveCfg = Release|x86
		{A5F9F0A8-92D5-439F-A2A2-8E4751F73F2B}.Ad-Hoc|Any CPU.Build.0 = Release|x86
		{A5F9F0A8-92D5-439F-A2A2-8E4751F73F2B}.Ad-Hoc|Any CPU.Deploy.0 = Release|x86
		{A5F9F0A8-92D5-439F-A2A2-8E4751F73F2B}.Ad-Hoc|ARM.ActiveCfg = Release|ARM
		{A5F9F0A8-92D5-439F-A2A2-8E4751F73F2B}.Ad-Hoc|ARM.Build.0 = Release|ARM
		{A5F9F0A8-92D5-439F-A2A2-8E4751F73F2B}.Ad-Hoc|ARM.Deploy.0 = Release|ARM
		{A5F9F0A8-92D5-439F-A2A2-8E4751F73F2B}.Ad-Hoc|iPhone.ActiveCfg = Release|x86
		{A5F9F0A8-92D5-439F-A2A2-8E4751F73F2B}.Ad-Hoc|iPhone.Build.0 = Release|x86
		{A5F9F0A8-92D5-439F-A2A2-8E4751F73F2B}.Ad-Hoc|iPhone.Deploy.0 = Release|x86
		{A5F9F0A8-92D5-439F-A2A2-8E4751F73F2B}.Ad-Hoc|iPhoneSimulator.ActiveCfg = Release|x86
		{A5F9F0A8-92D5-439F-A2A2-8E4751F73F2B}.Ad-Hoc|iPhoneSimulator.Build.0 = Release|x86
		{A5F9F0A8-92D5-439F-A2A2-8E4751F73F2B}.Ad-Hoc|iPhoneSimulator.Deploy.0 = Release|x86
		{A5F9F0A8-92D5-439F-A2A2-8E4751F73F2B}.Ad-Hoc|x64.ActiveCfg = Release|x64
		{A5F9F0A8-92D5-439F-A2A2-8E4751F73F2B}.Ad-Hoc|x64.Build.0 = Release|x64
		{A5F9F0A8-92D5-439F-A2A2-8E4751F73F2B}.Ad-Hoc|x64.Deploy.0 = Release|x64
		{A5F9F0A8-92D5-439F-A2A2-8E4751F73F2B}.Ad-Hoc|x86.ActiveCfg = Release|x86
		{A5F9F0A8-92D5-439F-A2A2-8E4751F73F2B}.Ad-Hoc|x86.Build.0 = Release|x86
		{A5F9F0A8-92D5-439F-A2A2-8E4751F73F2B}.Ad-Hoc|x86.Deploy.0 = Release|x86
		{A5F9F0A8-92D5-439F-A2A2-8E4751F73F2B}.AppStore|Any CPU.ActiveCfg = Release|x86
		{A5F9F0A8-92D5-439F-A2A2-8E4751F73F2B}.AppStore|Any CPU.Build.0 = Release|x86
		{A5F9F0A8-92D5-439F-A2A2-8E4751F73F2B}.AppStore|Any CPU.Deploy.0 = Release|x86
		{A5F9F0A8-92D5-439F-A2A2-8E4751F73F2B}.AppStore|ARM.ActiveCfg = Release|ARM
		{A5F9F0A8-92D5-439F-A2A2-8E4751F73F2B}.AppStore|ARM.Build.0 = Release|ARM
		{A5F9F0A8-92D5-439F-A2A2-8E4751F73F2B}.AppStore|ARM.Deploy.0 = Release|ARM
		{A5F9F0A8-92D5-439F-A2A2-8E4751F73F2B}.AppStore|iPhone.ActiveCfg = Release|x86
		{A5F9F0A8-92D5-439F-A2A2-8E4751F73F2B}.AppStore|iPhone.Build.0 = Release|x86
		{A5F9F0A8-92D5-439F-A2A2-8E4751F73F2B}.AppStore|iPhone.Deploy.0 = Release|x86
		{A5F9F0A8-92D5-439F-A2A2-8E4751F73F2B}.AppStore|iPhoneSimulator.ActiveCfg = Release|x86
		{A5F9F0A8-92D5-439F-A2A2-8E4751F73F2B}.AppStore|iPhoneSimulator.Build.0 = Release|x86
		{A5F9F0A8-92D5-439F-A2A2-8E4751F73F2B}.AppStore|iPhoneSimulator.Deploy.0 = Release|x86
		{A5F9F0A8-92D5-439F-A2A2-8E4751F73F2B}.AppStore|x64.ActiveCfg = Release|x64
		{A5F9F0A8-92D5-439F-A2A2-8E4751F73F2B}.AppStore|x64.Build.0 = Release|x64
		{A5F9F0A8-92D5-439F-A2A2-8E4751F73F2B}.AppStore|x64.Deploy.0 = Release|x64
		{A5F9F0A8-92D5-439F-A2A2-8E4751F73F2B}.AppStore|x86.ActiveCfg = Release|x86
		{A5F9F0A8-92D5-439F-A2A2-8E4751F73F2B}.AppStore|x86.Build.0 = Release|x86
		{A5F9F0A8-92D5-439F-A2A2-8E4751F73F2B}.AppStore|x86.Deploy.0 = Release|x86
		{A5F9F0A8-92D5-439F-A2A2-8E4751F73F2B}.Debug|Any CPU.ActiveCfg = Debug|x86
		{A5F9F0A8-92D5-439F-A2A2-8E4751F73F2B}.Debug|ARM.ActiveCfg = Debug|ARM
		{A5F9F0A8-92D5-439F-A2A2-8E4751F73F2B}.Debug|ARM.Build.0 = Debug|ARM
		{A5F9F0A8-92D5-439F-A2A2-8E4751F73F2B}.Debug|ARM.Deploy.0 = Debug|ARM
		{A5F9F0A8-92D5-439F-A2A2-8E4751F73F2B}.Debug|iPhone.ActiveCfg = Debug|x86
		{A5F9F0A8-92D5-439F-A2A2-8E4751F73F2B}.Debug|iPhoneSimulator.ActiveCfg = Debug|x86
		{A5F9F0A8-92D5-439F-A2A2-8E4751F73F2B}.Debug|x64.ActiveCfg = Debug|x64
		{A5F9F0A8-92D5-439F-A2A2-8E4751F73F2B}.Debug|x64.Build.0 = Debug|x64
		{A5F9F0A8-92D5-439F-A2A2-8E4751F73F2B}.Debug|x64.Deploy.0 = Debug|x64
		{A5F9F0A8-92D5-439F-A2A2-8E4751F73F2B}.Debug|x86.ActiveCfg = Debug|x86
		{A5F9F0A8-92D5-439F-A2A2-8E4751F73F2B}.Debug|x86.Build.0 = Debug|x86
		{A5F9F0A8-92D5-439F-A2A2-8E4751F73F2B}.Debug|x86.Deploy.0 = Debug|x86
		{A5F9F0A8-92D5-439F-A2A2-8E4751F73F2B}.Release|Any CPU.ActiveCfg = Release|x86
		{A5F9F0A8-92D5-439F-A2A2-8E4751F73F2B}.Release|ARM.ActiveCfg = Release|ARM
		{A5F9F0A8-92D5-439F-A2A2-8E4751F73F2B}.Release|ARM.Build.0 = Release|ARM
		{A5F9F0A8-92D5-439F-A2A2-8E4751F73F2B}.Release|ARM.Deploy.0 = Release|ARM
		{A5F9F0A8-92D5-439F-A2A2-8E4751F73F2B}.Release|iPhone.ActiveCfg = Release|x86
		{A5F9F0A8-92D5-439F-A2A2-8E4751F73F2B}.Release|iPhoneSimulator.ActiveCfg = Release|x86
		{A5F9F0A8-92D5-439F-A2A2-8E4751F73F2B}.Release|x64.ActiveCfg = Release|x64
		{A5F9F0A8-92D5-439F-A2A2-8E4751F73F2B}.Release|x64.Build.0 = Release|x64
		{A5F9F0A8-92D5-439F-A2A2-8E4751F73F2B}.Release|x64.Deploy.0 = Release|x64
		{A5F9F0A8-92D5-439F-A2A2-8E4751F73F2B}.Release|x86.ActiveCfg = Release|x86
		{A5F9F0A8-92D5-439F-A2A2-8E4751F73F2B}.Release|x86.Build.0 = Release|x86
		{A5F9F0A8-92D5-439F-A2A2-8E4751F73F2B}.Release|x86.Deploy.0 = Release|x86
		{4A568B6A-2D0B-448C-B33C-E9913FD3A95C}.Ad-Hoc|Any CPU.ActiveCfg = Ad-Hoc|iPhone
		{4A568B6A-2D0B-448C-B33C-E9913FD3A95C}.Ad-Hoc|ARM.ActiveCfg = Ad-Hoc|iPhone
		{4A568B6A-2D0B-448C-B33C-E9913FD3A95C}.Ad-Hoc|iPhone.ActiveCfg = Ad-Hoc|iPhone
		{4A568B6A-2D0B-448C-B33C-E9913FD3A95C}.Ad-Hoc|iPhone.Build.0 = Ad-Hoc|iPhone
		{4A568B6A-2D0B-448C-B33C-E9913FD3A95C}.Ad-Hoc|iPhoneSimulator.ActiveCfg = Ad-Hoc|iPhoneSimulator
		{4A568B6A-2D0B-448C-B33C-E9913FD3A95C}.Ad-Hoc|iPhoneSimulator.Build.0 = Ad-Hoc|iPhoneSimulator
		{4A568B6A-2D0B-448C-B33C-E9913FD3A95C}.Ad-Hoc|x64.ActiveCfg = Ad-Hoc|iPhone
		{4A568B6A-2D0B-448C-B33C-E9913FD3A95C}.Ad-Hoc|x86.ActiveCfg = Ad-Hoc|iPhone
		{4A568B6A-2D0B-448C-B33C-E9913FD3A95C}.AppStore|Any CPU.ActiveCfg = AppStore|iPhone
		{4A568B6A-2D0B-448C-B33C-E9913FD3A95C}.AppStore|ARM.ActiveCfg = AppStore|iPhone
		{4A568B6A-2D0B-448C-B33C-E9913FD3A95C}.AppStore|iPhone.ActiveCfg = AppStore|iPhone
		{4A568B6A-2D0B-448C-B33C-E9913FD3A95C}.AppStore|iPhone.Build.0 = AppStore|iPhone
		{4A568B6A-2D0B-448C-B33C-E9913FD3A95C}.AppStore|iPhoneSimulator.ActiveCfg = AppStore|iPhoneSimulator
		{4A568B6A-2D0B-448C-B33C-E9913FD3A95C}.AppStore|iPhoneSimulator.Build.0 = AppStore|iPhoneSimulator
		{4A568B6A-2D0B-448C-B33C-E9913FD3A95C}.AppStore|x64.ActiveCfg = AppStore|iPhone
		{4A568B6A-2D0B-448C-B33C-E9913FD3A95C}.AppStore|x86.ActiveCfg = AppStore|iPhone
		{4A568B6A-2D0B-448C-B33C-E9913FD3A95C}.Debug|Any CPU.ActiveCfg = Debug|iPhone
		{4A568B6A-2D0B-448C-B33C-E9913FD3A95C}.Debug|ARM.ActiveCfg = Debug|iPhone
		{4A568B6A-2D0B-448C-B33C-E9913FD3A95C}.Debug|iPhone.ActiveCfg = Debug|iPhone
		{4A568B6A-2D0B-448C-B33C-E9913FD3A95C}.Debug|iPhone.Build.0 = Debug|iPhone
		{4A568B6A-2D0B-448C-B33C-E9913FD3A95C}.Debug|iPhoneSimulator.ActiveCfg = Debug|iPhoneSimulator
		{4A568B6A-2D0B-448C-B33C-E9913FD3A95C}.Debug|iPhoneSimulator.Build.0 = Debug|iPhoneSimulator
		{4A568B6A-2D0B-448C-B33C-E9913FD3A95C}.Debug|x64.ActiveCfg = Debug|iPhone
		{4A568B6A-2D0B-448C-B33C-E9913FD3A95C}.Debug|x86.ActiveCfg = Debug|iPhone
		{4A568B6A-2D0B-448C-B33C-E9913FD3A95C}.Release|Any CPU.ActiveCfg = Release|iPhone
		{4A568B6A-2D0B-448C-B33C-E9913FD3A95C}.Release|ARM.ActiveCfg = Release|iPhone
		{4A568B6A-2D0B-448C-B33C-E9913FD3A95C}.Release|iPhone.ActiveCfg = Release|iPhone
		{4A568B6A-2D0B-448C-B33C-E9913FD3A95C}.Release|iPhone.Build.0 = Release|iPhone
		{4A568B6A-2D0B-448C-B33C-E9913FD3A95C}.Release|iPhoneSimulator.ActiveCfg = Release|iPhoneSimulator
		{4A568B6A-2D0B-448C-B33C-E9913FD3A95C}.Release|iPhoneSimulator.Build.0 = Release|iPhoneSimulator
		{4A568B6A-2D0B-448C-B33C-E9913FD3A95C}.Release|x64.ActiveCfg = Release|iPhone
		{4A568B6A-2D0B-448C-B33C-E9913FD3A95C}.Release|x86.ActiveCfg = Release|iPhone
		{AB2A3725-12E7-426F-8F88-0A9440F9F8FB}.Ad-Hoc|Any CPU.ActiveCfg = Debug|Any CPU
		{AB2A3725-12E7-426F-8F88-0A9440F9F8FB}.Ad-Hoc|Any CPU.Build.0 = Debug|Any CPU
		{AB2A3725-12E7-426F-8F88-0A9440F9F8FB}.Ad-Hoc|ARM.ActiveCfg = Debug|Any CPU
		{AB2A3725-12E7-426F-8F88-0A9440F9F8FB}.Ad-Hoc|ARM.Build.0 = Debug|Any CPU
		{AB2A3725-12E7-426F-8F88-0A9440F9F8FB}.Ad-Hoc|iPhone.ActiveCfg = Debug|Any CPU
		{AB2A3725-12E7-426F-8F88-0A9440F9F8FB}.Ad-Hoc|iPhone.Build.0 = Debug|Any CPU
		{AB2A3725-12E7-426F-8F88-0A9440F9F8FB}.Ad-Hoc|iPhoneSimulator.ActiveCfg = Debug|Any CPU
		{AB2A3725-12E7-426F-8F88-0A9440F9F8FB}.Ad-Hoc|iPhoneSimulator.Build.0 = Debug|Any CPU
		{AB2A3725-12E7-426F-8F88-0A9440F9F8FB}.Ad-Hoc|x64.ActiveCfg = Debug|Any CPU
		{AB2A3725-12E7-426F-8F88-0A9440F9F8FB}.Ad-Hoc|x64.Build.0 = Debug|Any CPU
		{AB2A3725-12E7-426F-8F88-0A9440F9F8FB}.Ad-Hoc|x86.ActiveCfg = Debug|Any CPU
		{AB2A3725-12E7-426F-8F88-0A9440F9F8FB}.Ad-Hoc|x86.Build.0 = Debug|Any CPU
		{AB2A3725-12E7-426F-8F88-0A9440F9F8FB}.AppStore|Any CPU.ActiveCfg = Debug|Any CPU
		{AB2A3725-12E7-426F-8F88-0A9440F9F8FB}.AppStore|Any CPU.Build.0 = Debug|Any CPU
		{AB2A3725-12E7-426F-8F88-0A9440F9F8FB}.AppStore|ARM.ActiveCfg = Debug|Any CPU
		{AB2A3725-12E7-426F-8F88-0A9440F9F8FB}.AppStore|ARM.Build.0 = Debug|Any CPU
		{AB2A3725-12E7-426F-8F88-0A9440F9F8FB}.AppStore|iPhone.ActiveCfg = Debug|Any CPU
		{AB2A3725-12E7-426F-8F88-0A9440F9F8FB}.AppStore|iPhone.Build.0 = Debug|Any CPU
		{AB2A3725-12E7-426F-8F88-0A9440F9F8FB}.AppStore|iPhoneSimulator.ActiveCfg = Debug|Any CPU
		{AB2A3725-12E7-426F-8F88-0A9440F9F8FB}.AppStore|iPhoneSimulator.Build.0 = Debug|Any CPU
		{AB2A3725-12E7-426F-8F88-0A9440F9F8FB}.AppStore|x64.ActiveCfg = Debug|Any CPU
		{AB2A3725-12E7-426F-8F88-0A9440F9F8FB}.AppStore|x64.Build.0 = Debug|Any CPU
		{AB2A3725-12E7-426F-8F88-0A9440F9F8FB}.AppStore|x86.ActiveCfg = Debug|Any CPU
		{AB2A3725-12E7-426F-8F88-0A9440F9F8FB}.AppStore|x86.Build.0 = Debug|Any CPU
		{AB2A3725-12E7-426F-8F88-0A9440F9F8FB}.Debug|Any CPU.ActiveCfg = Debug|Any CPU
		{AB2A3725-12E7-426F-8F88-0A9440F9F8FB}.Debug|Any CPU.Build.0 = Debug|Any CPU
		{AB2A3725-12E7-426F-8F88-0A9440F9F8FB}.Debug|ARM.ActiveCfg = Debug|Any CPU
		{AB2A3725-12E7-426F-8F88-0A9440F9F8FB}.Debug|ARM.Build.0 = Debug|Any CPU
		{AB2A3725-12E7-426F-8F88-0A9440F9F8FB}.Debug|iPhone.ActiveCfg = Debug|Any CPU
		{AB2A3725-12E7-426F-8F88-0A9440F9F8FB}.Debug|iPhone.Build.0 = Debug|Any CPU
		{AB2A3725-12E7-426F-8F88-0A9440F9F8FB}.Debug|iPhoneSimulator.ActiveCfg = Debug|Any CPU
		{AB2A3725-12E7-426F-8F88-0A9440F9F8FB}.Debug|iPhoneSimulator.Build.0 = Debug|Any CPU
		{AB2A3725-12E7-426F-8F88-0A9440F9F8FB}.Debug|x64.ActiveCfg = Debug|Any CPU
		{AB2A3725-12E7-426F-8F88-0A9440F9F8FB}.Debug|x64.Build.0 = Debug|Any CPU
		{AB2A3725-12E7-426F-8F88-0A9440F9F8FB}.Debug|x86.ActiveCfg = Debug|Any CPU
		{AB2A3725-12E7-426F-8F88-0A9440F9F8FB}.Debug|x86.Build.0 = Debug|Any CPU
		{AB2A3725-12E7-426F-8F88-0A9440F9F8FB}.Release|Any CPU.ActiveCfg = Release|Any CPU
		{AB2A3725-12E7-426F-8F88-0A9440F9F8FB}.Release|Any CPU.Build.0 = Release|Any CPU
		{AB2A3725-12E7-426F-8F88-0A9440F9F8FB}.Release|ARM.ActiveCfg = Release|Any CPU
		{AB2A3725-12E7-426F-8F88-0A9440F9F8FB}.Release|ARM.Build.0 = Release|Any CPU
		{AB2A3725-12E7-426F-8F88-0A9440F9F8FB}.Release|iPhone.ActiveCfg = Release|Any CPU
		{AB2A3725-12E7-426F-8F88-0A9440F9F8FB}.Release|iPhone.Build.0 = Release|Any CPU
		{AB2A3725-12E7-426F-8F88-0A9440F9F8FB}.Release|iPhoneSimulator.ActiveCfg = Release|Any CPU
		{AB2A3725-12E7-426F-8F88-0A9440F9F8FB}.Release|iPhoneSimulator.Build.0 = Release|Any CPU
		{AB2A3725-12E7-426F-8F88-0A9440F9F8FB}.Release|x64.ActiveCfg = Release|Any CPU
		{AB2A3725-12E7-426F-8F88-0A9440F9F8FB}.Release|x64.Build.0 = Release|Any CPU
		{AB2A3725-12E7-426F-8F88-0A9440F9F8FB}.Release|x86.ActiveCfg = Release|Any CPU
		{AB2A3725-12E7-426F-8F88-0A9440F9F8FB}.Release|x86.Build.0 = Release|Any CPU
	EndGlobalSection
	GlobalSection(SolutionProperties) = preSolution
		HideSolutionNode = FALSE
	EndGlobalSection
	GlobalSection(ExtensibilityGlobals) = postSolution
		SolutionGuid = {56DF0B79-9BCC-46EC-BA4B-8CF1DD7E2F0A}
	EndGlobalSection
EndGlobal
